// !$*UTF8*$!
{
	archiveVersion = 1;
	classes = {
	};
	objectVersion = 50;
	objects = {

/* Begin PBXBuildFile section */
		1C2130DE272190EB009718D0 /* Custom_Slide_Out_MenuApp.swift in Sources */ = {isa = PBXBuildFile; fileRef = 1C2130CB272190E9009718D0 /* Custom_Slide_Out_MenuApp.swift */; };
		1C2130DF272190EB009718D0 /* Custom_Slide_Out_MenuApp.swift in Sources */ = {isa = PBXBuildFile; fileRef = 1C2130CB272190E9009718D0 /* Custom_Slide_Out_MenuApp.swift */; };
		1C2130E0272190EB009718D0 /* ContentView.swift in Sources */ = {isa = PBXBuildFile; fileRef = 1C2130CC272190E9009718D0 /* ContentView.swift */; };
		1C2130E1272190EB009718D0 /* ContentView.swift in Sources */ = {isa = PBXBuildFile; fileRef = 1C2130CC272190E9009718D0 /* ContentView.swift */; };
		1C2130E2272190EB009718D0 /* Assets.xcassets in Resources */ = {isa = PBXBuildFile; fileRef = 1C2130CD272190EB009718D0 /* Assets.xcassets */; };
		1C2130E3272190EB009718D0 /* Assets.xcassets in Resources */ = {isa = PBXBuildFile; fileRef = 1C2130CD272190EB009718D0 /* Assets.xcassets */; };
		1C2130EE272192E1009718D0 /* MainView.swift in Sources */ = {isa = PBXBuildFile; fileRef = 1C2130ED272192E1009718D0 /* MainView.swift */; };
		1C2130EF272192E1009718D0 /* MainView.swift in Sources */ = {isa = PBXBuildFile; fileRef = 1C2130ED272192E1009718D0 /* MainView.swift */; };
		1C2130F12721963E009718D0 /* TabButton.swift in Sources */ = {isa = PBXBuildFile; fileRef = 1C2130F02721963E009718D0 /* TabButton.swift */; };
		1C2130F22721963E009718D0 /* TabButton.swift in Sources */ = {isa = PBXBuildFile; fileRef = 1C2130F02721963E009718D0 /* TabButton.swift */; };
		1C2130F42721986C009718D0 /* CustomCorners.swift in Sources */ = {isa = PBXBuildFile; fileRef = 1C2130F32721986C009718D0 /* CustomCorners.swift */; };
		1C2130F52721986C009718D0 /* CustomCorners.swift in Sources */ = {isa = PBXBuildFile; fileRef = 1C2130F32721986C009718D0 /* CustomCorners.swift */; };
		1C2130F72721AD10009718D0 /* SideMenu.swift in Sources */ = {isa = PBXBuildFile; fileRef = 1C2130F62721AD10009718D0 /* SideMenu.swift */; };
		1C2130F82721AD10009718D0 /* SideMenu.swift in Sources */ = {isa = PBXBuildFile; fileRef = 1C2130F62721AD10009718D0 /* SideMenu.swift */; };
		1C2130FA2721AD7F009718D0 /* Home.swift in Sources */ = {isa = PBXBuildFile; fileRef = 1C2130F92721AD7F009718D0 /* Home.swift */; };
		1C2130FB2721AD7F009718D0 /* Home.swift in Sources */ = {isa = PBXBuildFile; fileRef = 1C2130F92721AD7F009718D0 /* Home.swift */; };
/* End PBXBuildFile section */

/* Begin PBXFileReference section */
		1C2130CB272190E9009718D0 /* Custom_Slide_Out_MenuApp.swift */ = {isa = PBXFileReference; lastKnownFileType = sourcecode.swift; path = Custom_Slide_Out_MenuApp.swift; sourceTree = "<group>"; };
		1C2130CC272190E9009718D0 /* ContentView.swift */ = {isa = PBXFileReference; lastKnownFileType = sourcecode.swift; path = ContentView.swift; sourceTree = "<group>"; };
		1C2130CD272190EB009718D0 /* Assets.xcassets */ = {isa = PBXFileReference; lastKnownFileType = folder.assetcatalog; path = Assets.xcassets; sourceTree = "<group>"; };
		1C2130D2272190EB009718D0 /* Custom Slide Out Menu.app */ = {isa = PBXFileReference; explicitFileType = wrapper.application; includeInIndex = 0; path = "Custom Slide Out Menu.app"; sourceTree = BUILT_PRODUCTS_DIR; };
		1C2130D5272190EB009718D0 /* Info.plist */ = {isa = PBXFileReference; lastKnownFileType = text.plist.xml; path = Info.plist; sourceTree = "<group>"; };
		1C2130DA272190EB009718D0 /* Custom Slide Out Menu.app */ = {isa = PBXFileReference; explicitFileType = wrapper.application; includeInIndex = 0; path = "Custom Slide Out Menu.app"; sourceTree = BUILT_PRODUCTS_DIR; };
		1C2130DC272190EB009718D0 /* Info.plist */ = {isa = PBXFileReference; lastKnownFileType = text.plist.xml; path = Info.plist; sourceTree = "<group>"; };
		1C2130DD272190EB009718D0 /* macOS.entitlements */ = {isa = PBXFileReference; lastKnownFileType = text.plist.entitlements; path = macOS.entitlements; sourceTree = "<group>"; };
		1C2130ED272192E1009718D0 /* MainView.swift */ = {isa = PBXFileReference; lastKnownFileType = sourcecode.swift; path = MainView.swift; sourceTree = "<group>"; };
		1C2130F02721963E009718D0 /* TabButton.swift */ = {isa = PBXFileReference; lastKnownFileType = sourcecode.swift; path = TabButton.swift; sourceTree = "<group>"; };
		1C2130F32721986C009718D0 /* CustomCorners.swift */ = {isa = PBXFileReference; lastKnownFileType = sourcecode.swift; path = CustomCorners.swift; sourceTree = "<group>"; };
		1C2130F62721AD10009718D0 /* SideMenu.swift */ = {isa = PBXFileReference; lastKnownFileType = sourcecode.swift; path = SideMenu.swift; sourceTree = "<group>"; };
		1C2130F92721AD7F009718D0 /* Home.swift */ = {isa = PBXFileReference; lastKnownFileType = sourcecode.swift; path = Home.swift; sourceTree = "<group>"; };
/* End PBXFileReference section */

/* Begin PBXFrameworksBuildPhase section */
		1C2130CF272190EB009718D0 /* Frameworks */ = {
			isa = PBXFrameworksBuildPhase;
			buildActionMask = 2147483647;
			files = (
			);
			runOnlyForDeploymentPostprocessing = 0;
		};
		1C2130D7272190EB009718D0 /* Frameworks */ = {
			isa = PBXFrameworksBuildPhase;
			buildActionMask = 2147483647;
			files = (
			);
			runOnlyForDeploymentPostprocessing = 0;
		};
/* End PBXFrameworksBuildPhase section */

/* Begin PBXGroup section */
		1C2130C5272190E9009718D0 = {
			isa = PBXGroup;
			children = (
				1C2130CA272190E9009718D0 /* Shared */,
				1C2130D4272190EB009718D0 /* iOS */,
				1C2130DB272190EB009718D0 /* macOS */,
				1C2130D3272190EB009718D0 /* Products */,
			);
			sourceTree = "<group>";
		};
		1C2130CA272190E9009718D0 /* Shared */ = {
			isa = PBXGroup;
			children = (
				1C2130EC272192CE009718D0 /* View */,
				1C2130CB272190E9009718D0 /* Custom_Slide_Out_MenuApp.swift */,
				1C2130CC272190E9009718D0 /* ContentView.swift */,
				1C2130CD272190EB009718D0 /* Assets.xcassets */,
			);
			path = Shared;
			sourceTree = "<group>";
		};
		1C2130D3272190EB009718D0 /* Products */ = {
			isa = PBXGroup;
			children = (
				1C2130D2272190EB009718D0 /* Custom Slide Out Menu.app */,
				1C2130DA272190EB009718D0 /* Custom Slide Out Menu.app */,
			);
			name = Products;
			sourceTree = "<group>";
		};
		1C2130D4272190EB009718D0 /* iOS */ = {
			isa = PBXGroup;
			children = (
				1C2130D5272190EB009718D0 /* Info.plist */,
			);
			path = iOS;
			sourceTree = "<group>";
		};
		1C2130DB272190EB009718D0 /* macOS */ = {
			isa = PBXGroup;
			children = (
				1C2130DC272190EB009718D0 /* Info.plist */,
				1C2130DD272190EB009718D0 /* macOS.entitlements */,
			);
			path = macOS;
			sourceTree = "<group>";
		};
		1C2130EC272192CE009718D0 /* View */ = {
			isa = PBXGroup;
			children = (
				1C2130ED272192E1009718D0 /* MainView.swift */,
				1C2130F02721963E009718D0 /* TabButton.swift */,
				1C2130F32721986C009718D0 /* CustomCorners.swift */,
				1C2130F62721AD10009718D0 /* SideMenu.swift */,
				1C2130F92721AD7F009718D0 /* Home.swift */,
			);
			path = View;
			sourceTree = "<group>";
		};
/* End PBXGroup section */

/* Begin PBXNativeTarget section */
		1C2130D1272190EB009718D0 /* Custom Slide Out Menu (iOS) */ = {
			isa = PBXNativeTarget;
			buildConfigurationList = 1C2130E6272190EB009718D0 /* Build configuration list for PBXNativeTarget "Custom Slide Out Menu (iOS)" */;
			buildPhases = (
				1C2130CE272190EB009718D0 /* Sources */,
				1C2130CF272190EB009718D0 /* Frameworks */,
				1C2130D0272190EB009718D0 /* Resources */,
			);
			buildRules = (
			);
			dependencies = (
			);
			name = "Custom Slide Out Menu (iOS)";
			productName = "Custom Slide Out Menu (iOS)";
			productReference = 1C2130D2272190EB009718D0 /* Custom Slide Out Menu.app */;
			productType = "com.apple.product-type.application";
		};
		1C2130D9272190EB009718D0 /* Custom Slide Out Menu (macOS) */ = {
			isa = PBXNativeTarget;
			buildConfigurationList = 1C2130E9272190EB009718D0 /* Build configuration list for PBXNativeTarget "Custom Slide Out Menu (macOS)" */;
			buildPhases = (
				1C2130D6272190EB009718D0 /* Sources */,
				1C2130D7272190EB009718D0 /* Frameworks */,
				1C2130D8272190EB009718D0 /* Resources */,
			);
			buildRules = (
			);
			dependencies = (
			);
			name = "Custom Slide Out Menu (macOS)";
			productName = "Custom Slide Out Menu (macOS)";
			productReference = 1C2130DA272190EB009718D0 /* Custom Slide Out Menu.app */;
			productType = "com.apple.product-type.application";
		};
/* End PBXNativeTarget section */

/* Begin PBXProject section */
		1C2130C6272190E9009718D0 /* Project object */ = {
			isa = PBXProject;
			attributes = {
				LastSwiftUpdateCheck = 1250;
				LastUpgradeCheck = 1250;
				TargetAttributes = {
					1C2130D1272190EB009718D0 = {
						CreatedOnToolsVersion = 12.5.1;
					};
					1C2130D9272190EB009718D0 = {
						CreatedOnToolsVersion = 12.5.1;
					};
				};
			};
			buildConfigurationList = 1C2130C9272190E9009718D0 /* Build configuration list for PBXProject "Custom Slide Out Menu" */;
			compatibilityVersion = "Xcode 9.3";
			developmentRegion = en;
			hasScannedForEncodings = 0;
			knownRegions = (
				en,
				Base,
			);
			mainGroup = 1C2130C5272190E9009718D0;
			productRefGroup = 1C2130D3272190EB009718D0 /* Products */;
			projectDirPath = "";
			projectRoot = "";
			targets = (
				1C2130D1272190EB009718D0 /* Custom Slide Out Menu (iOS) */,
				1C2130D9272190EB009718D0 /* Custom Slide Out Menu (macOS) */,
			);
		};
/* End PBXProject section */

/* Begin PBXResourcesBuildPhase section */
		1C2130D0272190EB009718D0 /* Resources */ = {
			isa = PBXResourcesBuildPhase;
			buildActionMask = 2147483647;
			files = (
				1C2130E2272190EB009718D0 /* Assets.xcassets in Resources */,
			);
			runOnlyForDeploymentPostprocessing = 0;
		};
		1C2130D8272190EB009718D0 /* Resources */ = {
			isa = PBXResourcesBuildPhase;
			buildActionMask = 2147483647;
			files = (
				1C2130E3272190EB009718D0 /* Assets.xcassets in Resources */,
			);
			runOnlyForDeploymentPostprocessing = 0;
		};
/* End PBXResourcesBuildPhase section */

/* Begin PBXSourcesBuildPhase section */
		1C2130CE272190EB009718D0 /* Sources */ = {
			isa = PBXSourcesBuildPhase;
			buildActionMask = 2147483647;
			files = (
				1C2130E0272190EB009718D0 /* ContentView.swift in Sources */,
				1C2130F12721963E009718D0 /* TabButton.swift in Sources */,
				1C2130EE272192E1009718D0 /* MainView.swift in Sources */,
				1C2130F72721AD10009718D0 /* SideMenu.swift in Sources */,
				1C2130DE272190EB009718D0 /* Custom_Slide_Out_MenuApp.swift in Sources */,
				1C2130F42721986C009718D0 /* CustomCorners.swift in Sources */,
				1C2130FA2721AD7F009718D0 /* Home.swift in Sources */,
			);
			runOnlyForDeploymentPostprocessing = 0;
		};
		1C2130D6272190EB009718D0 /* Sources */ = {
			isa = PBXSourcesBuildPhase;
			buildActionMask = 2147483647;
			files = (
				1C2130E1272190EB009718D0 /* ContentView.swift in Sources */,
				1C2130F22721963E009718D0 /* TabButton.swift in Sources */,
				1C2130EF272192E1009718D0 /* MainView.swift in Sources */,
				1C2130F82721AD10009718D0 /* SideMenu.swift in Sources */,
				1C2130DF272190EB009718D0 /* Custom_Slide_Out_MenuApp.swift in Sources */,
				1C2130F52721986C009718D0 /* CustomCorners.swift in Sources */,
				1C2130FB2721AD7F009718D0 /* Home.swift in Sources */,
			);
			runOnlyForDeploymentPostprocessing = 0;
		};
/* End PBXSourcesBuildPhase section */

/* Begin XCBuildConfiguration section */
		1C2130E4272190EB009718D0 /* Debug */ = {
			isa = XCBuildConfiguration;
			buildSettings = {
				ALWAYS_SEARCH_USER_PATHS = NO;
				CLANG_ANALYZER_NONNULL = YES;
				CLANG_ANALYZER_NUMBER_OBJECT_CONVERSION = YES_AGGRESSIVE;
				CLANG_CXX_LANGUAGE_STANDARD = "gnu++14";
				CLANG_CXX_LIBRARY = "libc++";
				CLANG_ENABLE_MODULES = YES;
				CLANG_ENABLE_OBJC_ARC = YES;
				CLANG_ENABLE_OBJC_WEAK = YES;
				CLANG_WARN_BLOCK_CAPTURE_AUTORELEASING = YES;
				CLANG_WARN_BOOL_CONVERSION = YES;
				CLANG_WARN_COMMA = YES;
				CLANG_WARN_CONSTANT_CONVERSION = YES;
				CLANG_WARN_DEPRECATED_OBJC_IMPLEMENTATIONS = YES;
				CLANG_WARN_DIRECT_OBJC_ISA_USAGE = YES_ERROR;
				CLANG_WARN_DOCUMENTATION_COMMENTS = YES;
				CLANG_WARN_EMPTY_BODY = YES;
				CLANG_WARN_ENUM_CONVERSION = YES;
				CLANG_WARN_INFINITE_RECURSION = YES;
				CLANG_WARN_INT_CONVERSION = YES;
				CLANG_WARN_NON_LITERAL_NULL_CONVERSION = YES;
				CLANG_WARN_OBJC_IMPLICIT_RETAIN_SELF = YES;
				CLANG_WARN_OBJC_LITERAL_CONVERSION = YES;
				CLANG_WARN_OBJC_ROOT_CLASS = YES_ERROR;
				CLANG_WARN_QUOTED_INCLUDE_IN_FRAMEWORK_HEADER = YES;
				CLANG_WARN_RANGE_LOOP_ANALYSIS = YES;
				CLANG_WARN_STRICT_PROTOTYPES = YES;
				CLANG_WARN_SUSPICIOUS_MOVE = YES;
				CLANG_WARN_UNGUARDED_AVAILABILITY = YES_AGGRESSIVE;
				CLANG_WARN_UNREACHABLE_CODE = YES;
				CLANG_WARN__DUPLICATE_METHOD_MATCH = YES;
				COPY_PHASE_STRIP = NO;
				DEBUG_INFORMATION_FORMAT = dwarf;
				ENABLE_STRICT_OBJC_MSGSEND = YES;
				ENABLE_TESTABILITY = YES;
				GCC_C_LANGUAGE_STANDARD = gnu11;
				GCC_DYNAMIC_NO_PIC = NO;
				GCC_NO_COMMON_BLOCKS = YES;
				GCC_OPTIMIZATION_LEVEL = 0;
				GCC_PREPROCESSOR_DEFINITIONS = (
					"DEBUG=1",
					"$(inherited)",
				);
				GCC_WARN_64_TO_32_BIT_CONVERSION = YES;
				GCC_WARN_ABOUT_RETURN_TYPE = YES_ERROR;
				GCC_WARN_UNDECLARED_SELECTOR = YES;
				GCC_WARN_UNINITIALIZED_AUTOS = YES_AGGRESSIVE;
				GCC_WARN_UNUSED_FUNCTION = YES;
				GCC_WARN_UNUSED_VARIABLE = YES;
				MTL_ENABLE_DEBUG_INFO = INCLUDE_SOURCE;
				MTL_FAST_MATH = YES;
				ONLY_ACTIVE_ARCH = YES;
				SWIFT_ACTIVE_COMPILATION_CONDITIONS = DEBUG;
				SWIFT_OPTIMIZATION_LEVEL = "-Onone";
			};
			name = Debug;
		};
		1C2130E5272190EB009718D0 /* Release */ = {
			isa = XCBuildConfiguration;
			buildSettings = {
				ALWAYS_SEARCH_USER_PATHS = NO;
				CLANG_ANALYZER_NONNULL = YES;
				CLANG_ANALYZER_NUMBER_OBJECT_CONVERSION = YES_AGGRESSIVE;
				CLANG_CXX_LANGUAGE_STANDARD = "gnu++14";
				CLANG_CXX_LIBRARY = "libc++";
				CLANG_ENABLE_MODULES = YES;
				CLANG_ENABLE_OBJC_ARC = YES;
				CLANG_ENABLE_OBJC_WEAK = YES;
				CLANG_WARN_BLOCK_CAPTURE_AUTORELEASING = YES;
				CLANG_WARN_BOOL_CONVERSION = YES;
				CLANG_WARN_COMMA = YES;
				CLANG_WARN_CONSTANT_CONVERSION = YES;
				CLANG_WARN_DEPRECATED_OBJC_IMPLEMENTATIONS = YES;
				CLANG_WARN_DIRECT_OBJC_ISA_USAGE = YES_ERROR;
				CLANG_WARN_DOCUMENTATION_COMMENTS = YES;
				CLANG_WARN_EMPTY_BODY = YES;
				CLANG_WARN_ENUM_CONVERSION = YES;
				CLANG_WARN_INFINITE_RECURSION = YES;
				CLANG_WARN_INT_CONVERSION = YES;
				CLANG_WARN_NON_LITERAL_NULL_CONVERSION = YES;
				CLANG_WARN_OBJC_IMPLICIT_RETAIN_SELF = YES;
				CLANG_WARN_OBJC_LITERAL_CONVERSION = YES;
				CLANG_WARN_OBJC_ROOT_CLASS = YES_ERROR;
				CLANG_WARN_QUOTED_INCLUDE_IN_FRAMEWORK_HEADER = YES;
				CLANG_WARN_RANGE_LOOP_ANALYSIS = YES;
				CLANG_WARN_STRICT_PROTOTYPES = YES;
				CLANG_WARN_SUSPICIOUS_MOVE = YES;
				CLANG_WARN_UNGUARDED_AVAILABILITY = YES_AGGRESSIVE;
				CLANG_WARN_UNREACHABLE_CODE = YES;
				CLANG_WARN__DUPLICATE_METHOD_MATCH = YES;
				COPY_PHASE_STRIP = NO;
				DEBUG_INFORMATION_FORMAT = "dwarf-with-dsym";
				ENABLE_NS_ASSERTIONS = NO;
				ENABLE_STRICT_OBJC_MSGSEND = YES;
				GCC_C_LANGUAGE_STANDARD = gnu11;
				GCC_NO_COMMON_BLOCKS = YES;
				GCC_WARN_64_TO_32_BIT_CONVERSION = YES;
				GCC_WARN_ABOUT_RETURN_TYPE = YES_ERROR;
				GCC_WARN_UNDECLARED_SELECTOR = YES;
				GCC_WARN_UNINITIALIZED_AUTOS = YES_AGGRESSIVE;
				GCC_WARN_UNUSED_FUNCTION = YES;
				GCC_WARN_UNUSED_VARIABLE = YES;
				MTL_ENABLE_DEBUG_INFO = NO;
				MTL_FAST_MATH = YES;
				SWIFT_COMPILATION_MODE = wholemodule;
				SWIFT_OPTIMIZATION_LEVEL = "-O";
			};
			name = Release;
		};
		1C2130E7272190EB009718D0 /* Debug */ = {
			isa = XCBuildConfiguration;
			buildSettings = {
				ASSETCATALOG_COMPILER_APPICON_NAME = AppIcon;
				ASSETCATALOG_COMPILER_GLOBAL_ACCENT_COLOR_NAME = AccentColor;
				CODE_SIGN_STYLE = Automatic;
				DEVELOPMENT_TEAM = L94FRY6ZUZ;
				ENABLE_PREVIEWS = YES;
				INFOPLIST_FILE = iOS/Info.plist;
				IPHONEOS_DEPLOYMENT_TARGET = 14.0;
				LD_RUNPATH_SEARCH_PATHS = (
					"$(inherited)",
					"@executable_path/Frameworks",
				);
				PRODUCT_BUNDLE_IDENTIFIER = "dnstylish.com.Custom-Slide-Out-Menu";
				PRODUCT_NAME = "Custom Slide Out Menu";
				SDKROOT = iphoneos;
				SWIFT_VERSION = 5.0;
				TARGETED_DEVICE_FAMILY = "1,2";
			};
			name = Debug;
		};
		1C2130E8272190EB009718D0 /* Release */ = {
			isa = XCBuildConfiguration;
			buildSettings = {
				ASSETCATALOG_COMPILER_APPICON_NAME = AppIcon;
				ASSETCATALOG_COMPILER_GLOBAL_ACCENT_COLOR_NAME = AccentColor;
				CODE_SIGN_STYLE = Automatic;
				DEVELOPMENT_TEAM = L94FRY6ZUZ;
				ENABLE_PREVIEWS = YES;
				INFOPLIST_FILE = iOS/Info.plist;
				IPHONEOS_DEPLOYMENT_TARGET = 14.0;
				LD_RUNPATH_SEARCH_PATHS = (
					"$(inherited)",
					"@executable_path/Frameworks",
				);
				PRODUCT_BUNDLE_IDENTIFIER = "dnstylish.com.Custom-Slide-Out-Menu";
				PRODUCT_NAME = "Custom Slide Out Menu";
				SDKROOT = iphoneos;
				SWIFT_VERSION = 5.0;
				TARGETED_DEVICE_FAMILY = "1,2";
				VALIDATE_PRODUCT = YES;
			};
			name = Release;
		};
		1C2130EA272190EB009718D0 /* Debug */ = {
			isa = XCBuildConfiguration;
			buildSettings = {
				ASSETCATALOG_COMPILER_APPICON_NAME = AppIcon;
				ASSETCATALOG_COMPILER_GLOBAL_ACCENT_COLOR_NAME = AccentColor;
				CODE_SIGN_ENTITLEMENTS = macOS/macOS.entitlements;
				CODE_SIGN_STYLE = Automatic;
				COMBINE_HIDPI_IMAGES = YES;
				DEVELOPMENT_TEAM = L94FRY6ZUZ;
				ENABLE_HARDENED_RUNTIME = YES;
				ENABLE_PREVIEWS = YES;
				INFOPLIST_FILE = macOS/Info.plist;
				LD_RUNPATH_SEARCH_PATHS = (
					"$(inherited)",
					"@executable_path/../Frameworks",
				);
				MACOSX_DEPLOYMENT_TARGET = 11.0;
				PRODUCT_BUNDLE_IDENTIFIER = "dnstylish.com.Custom-Slide-Out-Menu";
				PRODUCT_NAME = "Custom Slide Out Menu";
				SDKROOT = macosx;
				SWIFT_VERSION = 5.0;
			};
			name = Debug;
		};
		1C2130EB272190EB009718D0 /* Release */ = {
			isa = XCBuildConfiguration;
			buildSettings = {
				ASSETCATALOG_COMPILER_APPICON_NAME = AppIcon;
				ASSETCATALOG_COMPILER_GLOBAL_ACCENT_COLOR_NAME = AccentColor;
				CODE_SIGN_ENTITLEMENTS = macOS/macOS.entitlements;
				CODE_SIGN_STYLE = Automatic;
				COMBINE_HIDPI_IMAGES = YES;
				DEVELOPMENT_TEAM = L94FRY6ZUZ;
				ENABLE_HARDENED_RUNTIME = YES;
				ENABLE_PREVIEWS = YES;
				INFOPLIST_FILE = macOS/Info.plist;
				LD_RUNPATH_SEARCH_PATHS = (
					"$(inherited)",
					"@executable_path/../Frameworks",
				);
				MACOSX_DEPLOYMENT_TARGET = 11.0;
				PRODUCT_BUNDLE_IDENTIFIER = "dnstylish.com.Custom-Slide-Out-Menu";
				PRODUCT_NAME = "Custom Slide Out Menu";
				SDKROOT = macosx;
				SWIFT_VERSION = 5.0;
			};
			name = Release;
		};
/* End XCBuildConfiguration section */

/* Begin XCConfigurationList section */
		1C2130C9272190E9009718D0 /* Build configuration list for PBXProject "Custom Slide Out Menu" */ = {
			isa = XCConfigurationList;
			buildConfigurations = (
				1C2130E4272190EB009718D0 /* Debug */,
				1C2130E5272190EB009718D0 /* Release */,
			);
			defaultConfigurationIsVisible = 0;
			defaultConfigurationName = Release;
		};
		1C2130E6272190EB009718D0 /* Build configuration list for PBXNativeTarget "Custom Slide Out Menu (iOS)" */ = {
			isa = XCConfigurationList;
			buildConfigurations = (
				1C2130E7272190EB009718D0 /* Debug */,
				1C2130E8272190EB009718D0 /* Release */,
			);
			defaultConfigurationIsVisible = 0;
			defaultConfigurationName = Release;
		};
		1C2130E9272190EB009718D0 /* Build configuration list for PBXNativeTarget "Custom Slide Out Menu (macOS)" */ = {
			isa = XCConfigurationList;
			buildConfigurations = (
				1C2130EA272190EB009718D0 /* Debug */,
				1C2130EB272190EB009718D0 /* Release */,
			);
			defaultConfigurationIsVisible = 0;
			defaultConfigurationName = Release;
		};
/* End XCConfigurationList section */
	};
	rootObject = 1C2130C6272190E9009718D0 /* Project object */;
}
